{
  "name": "ajs_nodejs",
  "version": "1.0.0",
  "lockfileVersion": 1,
  "requires": true,
  "dependencies": {
    "@mozhaevil/ajs": {
      "version": "1.0.0",
      "resolved": "https://npm.pkg.github.com/download/@mozhaevil/ajs/1.0.0/931d6a97646cadfa8fbf2b9a471bbd6f054b812ed2c45cfc9b700177f02bc279",
      "integrity": "sha512-w00LivlDeOH8jWU/TBgO1+wZMFJp5Hhw2eGYbEg+iXjlQWMguwATvuWflffuWGAAJe8beNkQfQqS2CDvjTl/WQ=="
    }
  }
}
